
Microsoft Visual Studio Solution File, Format Version 12.00
# Visual Studio Version 17
VisualStudioVersion = 17.3.32825.248
MinimumVisualStudioVersion = 10.0.40219.1
Project("{FAE04EC0-301F-11D3-BF4B-00C04F79EFBC}") = "HomeworkStringsArray", "HomeworkStringsArray\HomeworkStringsArray.csproj", "{4445E8E6-559C-4F0A-A619-5791765AC355}"
EndProject
Global
	GlobalSection(SolutionConfigurationPlatforms) = preSolution
		Debug|Any CPU = Debug|Any CPU
		Release|Any CPU = Release|Any CPU
	EndGlobalSection
	GlobalSection(ProjectConfigurationPlatforms) = postSolution
		{4445E8E6-559C-4F0A-A619-5791765AC355}.Debug|Any CPU.ActiveCfg = Debug|Any CPU
		{4445E8E6-559C-4F0A-A619-5791765AC355}.Debug|Any CPU.Build.0 = Debug|Any CPU
		{4445E8E6-559C-4F0A-A619-5791765AC355}.Release|Any CPU.ActiveCfg = Release|Any CPU
		{4445E8E6-559C-4F0A-A619-5791765AC355}.Release|Any CPU.Build.0 = Release|Any CPU
	EndGlobalSection
	GlobalSection(SolutionProperties) = preSolution
		HideSolutionNode = FALSE
	EndGlobalSection
	GlobalSection(ExtensibilityGlobals) = postSolution
		SolutionGuid = {F0E85CE4-EDF1-4A3D-B975-CCCF97C7C9DE}
	EndGlobalSection
EndGlobal
